
Microsoft Visual Studio Solution File, Format Version 12.00
# Visual Studio Version 17
VisualStudioVersion = 17.1.32421.90
MinimumVisualStudioVersion = 10.0.40219.1
Project("{FAE04EC0-301F-11D3-BF4B-00C04F79EFBC}") = "EvaluacionBarriga", "EvaluacionBarriga\EvaluacionBarriga.csproj", "{B008B02C-F383-44C1-89E1-895E3CCA79D4}"
EndProject
Project("{FAE04EC0-301F-11D3-BF4B-00C04F79EFBC}") = "ServerSocketUtils", "ServerSocketUtils\ServerSocketUtils.csproj", "{BBEB903D-9F75-4447-B2C0-B01143258E7C}"
EndProject
Project("{FAE04EC0-301F-11D3-BF4B-00C04F79EFBC}") = "MedidoresModel", "MedidoresModel\MedidoresModel.csproj", "{1B01CA99-E279-42E2-A3A6-61F56A903908}"
EndProject
Global
	GlobalSection(SolutionConfigurationPlatforms) = preSolution
		Debug|Any CPU = Debug|Any CPU
		Release|Any CPU = Release|Any CPU
	EndGlobalSection
	GlobalSection(ProjectConfigurationPlatforms) = postSolution
		{B008B02C-F383-44C1-89E1-895E3CCA79D4}.Debug|Any CPU.ActiveCfg = Debug|Any CPU
		{B008B02C-F383-44C1-89E1-895E3CCA79D4}.Debug|Any CPU.Build.0 = Debug|Any CPU
		{B008B02C-F383-44C1-89E1-895E3CCA79D4}.Release|Any CPU.ActiveCfg = Release|Any CPU
		{B008B02C-F383-44C1-89E1-895E3CCA79D4}.Release|Any CPU.Build.0 = Release|Any CPU
		{BBEB903D-9F75-4447-B2C0-B01143258E7C}.Debug|Any CPU.ActiveCfg = Debug|Any CPU
		{BBEB903D-9F75-4447-B2C0-B01143258E7C}.Debug|Any CPU.Build.0 = Debug|Any CPU
		{BBEB903D-9F75-4447-B2C0-B01143258E7C}.Release|Any CPU.ActiveCfg = Release|Any CPU
		{BBEB903D-9F75-4447-B2C0-B01143258E7C}.Release|Any CPU.Build.0 = Release|Any CPU
		{1B01CA99-E279-42E2-A3A6-61F56A903908}.Debug|Any CPU.ActiveCfg = Debug|Any CPU
		{1B01CA99-E279-42E2-A3A6-61F56A903908}.Debug|Any CPU.Build.0 = Debug|Any CPU
		{1B01CA99-E279-42E2-A3A6-61F56A903908}.Release|Any CPU.ActiveCfg = Release|Any CPU
		{1B01CA99-E279-42E2-A3A6-61F56A903908}.Release|Any CPU.Build.0 = Release|Any CPU
	EndGlobalSection
	GlobalSection(SolutionProperties) = preSolution
		HideSolutionNode = FALSE
	EndGlobalSection
	GlobalSection(ExtensibilityGlobals) = postSolution
		SolutionGuid = {D5830192-2FBC-48FA-AB58-2C3532FA7913}
	EndGlobalSection
EndGlobal
